
Microsoft Visual Studio Solution File, Format Version 11.00
# Visual Studio 2010
Project("{FAE04EC0-301F-11D3-BF4B-00C04F79EFBC}") = "OakCodeFestUnityProject", "Assembly-CSharp.csproj", "{C26BD931-56EB-07AD-E526-C7C426048073}"
EndProject
Global
	GlobalSection(SolutionConfigurationPlatforms) = preSolution
		Debug|Any CPU = Debug|Any CPU
		Release|Any CPU = Release|Any CPU
	EndGlobalSection
	GlobalSection(ProjectConfigurationPlatforms) = postSolution
		{C26BD931-56EB-07AD-E526-C7C426048073}.Debug|Any CPU.ActiveCfg = Debug|Any CPU
		{C26BD931-56EB-07AD-E526-C7C426048073}.Debug|Any CPU.Build.0 = Debug|Any CPU
		{C26BD931-56EB-07AD-E526-C7C426048073}.Release|Any CPU.ActiveCfg = Release|Any CPU
		{C26BD931-56EB-07AD-E526-C7C426048073}.Release|Any CPU.Build.0 = Release|Any CPU
	EndGlobalSection
	GlobalSection(SolutionProperties) = preSolution
		HideSolutionNode = FALSE
	EndGlobalSection
	GlobalSection(MonoDevelopProperties) = preSolution
		StartupItem = Assembly-CSharp.csproj
	EndGlobalSection
EndGlobal
